
Microsoft Visual Studio Solution File, Format Version 11.00
# Visual Studio 2010
Project("{FAE04EC0-301F-11D3-BF4B-00C04F79EFBC}") = "Assignment-33-Test-Cases", "Assignment-33-Test-Cases\Assignment-33-Test-Cases.csproj", "{0D235512-3AC9-4238-97AD-88F43A4B8015}"
EndProject
Project("{FAE04EC0-301F-11D3-BF4B-00C04F79EFBC}") = "CheckPercentage", "CheckPercentage\CheckPercentage.csproj", "{DE4215BA-FC38-4C0A-BA88-13971AE36B87}"
EndProject
Project("{2150E333-8FDC-42A3-9474-1A3956D46DE8}") = "Solution Items", "Solution Items", "{3D2DA951-CC5E-44FC-83DC-FEAA38B5FE2E}"
	ProjectSection(SolutionItems) = preProject
		Assignment-33-Test-Cases.vsmdi = Assignment-33-Test-Cases.vsmdi
		Local.testsettings = Local.testsettings
		TraceAndTestImpact.testsettings = TraceAndTestImpact.testsettings
	EndProjectSection
EndProject
Global
	GlobalSection(TestCaseManagementSettings) = postSolution
		CategoryFile = Assignment-33-Test-Cases.vsmdi
	EndGlobalSection
	GlobalSection(SolutionConfigurationPlatforms) = preSolution
		Debug|Any CPU = Debug|Any CPU
		Release|Any CPU = Release|Any CPU
	EndGlobalSection
	GlobalSection(ProjectConfigurationPlatforms) = postSolution
		{0D235512-3AC9-4238-97AD-88F43A4B8015}.Debug|Any CPU.ActiveCfg = Debug|Any CPU
		{0D235512-3AC9-4238-97AD-88F43A4B8015}.Debug|Any CPU.Build.0 = Debug|Any CPU
		{0D235512-3AC9-4238-97AD-88F43A4B8015}.Release|Any CPU.ActiveCfg = Release|Any CPU
		{0D235512-3AC9-4238-97AD-88F43A4B8015}.Release|Any CPU.Build.0 = Release|Any CPU
		{DE4215BA-FC38-4C0A-BA88-13971AE36B87}.Debug|Any CPU.ActiveCfg = Debug|Any CPU
		{DE4215BA-FC38-4C0A-BA88-13971AE36B87}.Debug|Any CPU.Build.0 = Debug|Any CPU
		{DE4215BA-FC38-4C0A-BA88-13971AE36B87}.Release|Any CPU.ActiveCfg = Release|Any CPU
		{DE4215BA-FC38-4C0A-BA88-13971AE36B87}.Release|Any CPU.Build.0 = Release|Any CPU
	EndGlobalSection
	GlobalSection(SolutionProperties) = preSolution
		HideSolutionNode = FALSE
	EndGlobalSection
EndGlobal
