
Microsoft Visual Studio Solution File, Format Version 11.00
# Visual Studio 2010
Project("{FAE04EC0-301F-11D3-BF4B-00C04F79EFBC}") = "Assignment-8-OOPS-Concept", "Assignment-8-OOPS-Concept\Assignment-8-OOPS-Concept.csproj", "{EA0D1D30-ABBF-4524-80FD-EA4EDA4F8AFD}"
EndProject
Global
	GlobalSection(SolutionConfigurationPlatforms) = preSolution
		Debug|x86 = Debug|x86
		Release|x86 = Release|x86
	EndGlobalSection
	GlobalSection(ProjectConfigurationPlatforms) = postSolution
		{EA0D1D30-ABBF-4524-80FD-EA4EDA4F8AFD}.Debug|x86.ActiveCfg = Debug|x86
		{EA0D1D30-ABBF-4524-80FD-EA4EDA4F8AFD}.Debug|x86.Build.0 = Debug|x86
		{EA0D1D30-ABBF-4524-80FD-EA4EDA4F8AFD}.Release|x86.ActiveCfg = Release|x86
		{EA0D1D30-ABBF-4524-80FD-EA4EDA4F8AFD}.Release|x86.Build.0 = Release|x86
	EndGlobalSection
	GlobalSection(SolutionProperties) = preSolution
		HideSolutionNode = FALSE
	EndGlobalSection
EndGlobal
